// !$*UTF8*$!
{
	archiveVersion = 1;
	classes = {
	};
	objectVersion = 48;
	objects = {

/* Begin PBXBuildFile section */
		CAD2FC93B58A11750C2E3474 /* Pods_Chat.framework in Frameworks */ = {isa = PBXBuildFile; fileRef = 63D6EC3E950630773DB4C814 /* Pods_Chat.framework */; };
		F51365DF1F9CB40C00C0B953 /* UserService.swift in Sources */ = {isa = PBXBuildFile; fileRef = F51365DE1F9CB40C00C0B953 /* UserService.swift */; };
		F51365E11F9CC4B900C0B953 /* AvatarVC.swift in Sources */ = {isa = PBXBuildFile; fileRef = F51365E01F9CC4B900C0B953 /* AvatarVC.swift */; };
		F51365E31F9CC61F00C0B953 /* AvatarCell.swift in Sources */ = {isa = PBXBuildFile; fileRef = F51365E21F9CC61F00C0B953 /* AvatarCell.swift */; };
		F51A6D9C1F9BCC94008F75B5 /* CircleImage.swift in Sources */ = {isa = PBXBuildFile; fileRef = F51A6D9B1F9BCC94008F75B5 /* CircleImage.swift */; };
		F51A6D9F1F9BD894008F75B5 /* ProfileVC.swift in Sources */ = {isa = PBXBuildFile; fileRef = F51A6D9D1F9BD894008F75B5 /* ProfileVC.swift */; };
		F51A6DA01F9BD894008F75B5 /* ProfileVC.xib in Resources */ = {isa = PBXBuildFile; fileRef = F51A6D9E1F9BD894008F75B5 /* ProfileVC.xib */; };
		F52D8C3C1F9E7A0600698AB9 /* Messages.swift in Sources */ = {isa = PBXBuildFile; fileRef = F52D8C3B1F9E7A0600698AB9 /* Messages.swift */; };
		F5BA2F1F1F9D1BBE0074C31B /* CreateChannelVC.swift in Sources */ = {isa = PBXBuildFile; fileRef = F5BA2F1D1F9D1BBE0074C31B /* CreateChannelVC.swift */; };
		F5BA2F201F9D1BBE0074C31B /* CreateChannelVC.xib in Resources */ = {isa = PBXBuildFile; fileRef = F5BA2F1E1F9D1BBE0074C31B /* CreateChannelVC.xib */; };
		F5C5C3691F9E0D3800F99B77 /* MessageService.swift in Sources */ = {isa = PBXBuildFile; fileRef = F5C5C3681F9E0D3800F99B77 /* MessageService.swift */; };
		F5C5C36C1F9E0EE700F99B77 /* Channel.swift in Sources */ = {isa = PBXBuildFile; fileRef = F5C5C36B1F9E0EE700F99B77 /* Channel.swift */; };
		F5C5C36E1F9E14BB00F99B77 /* ChannelCell.swift in Sources */ = {isa = PBXBuildFile; fileRef = F5C5C36D1F9E14BB00F99B77 /* ChannelCell.swift */; };
		F5D8DDCA1F9E2F89006D3DC9 /* SocketService.swift in Sources */ = {isa = PBXBuildFile; fileRef = F5D8DDC91F9E2F89006D3DC9 /* SocketService.swift */; };
		F5E14D551F9B75370088EDC9 /* AppDelegate.swift in Sources */ = {isa = PBXBuildFile; fileRef = F5E14D541F9B75370088EDC9 /* AppDelegate.swift */; };
		F5E14D5A1F9B75380088EDC9 /* Main.storyboard in Resources */ = {isa = PBXBuildFile; fileRef = F5E14D581F9B75380088EDC9 /* Main.storyboard */; };
		F5E14D5D1F9B75380088EDC9 /* Chat.xcdatamodeld in Sources */ = {isa = PBXBuildFile; fileRef = F5E14D5B1F9B75380088EDC9 /* Chat.xcdatamodeld */; };
		F5E14D5F1F9B75380088EDC9 /* Assets.xcassets in Resources */ = {isa = PBXBuildFile; fileRef = F5E14D5E1F9B75380088EDC9 /* Assets.xcassets */; };
		F5E14D621F9B75380088EDC9 /* LaunchScreen.storyboard in Resources */ = {isa = PBXBuildFile; fileRef = F5E14D601F9B75380088EDC9 /* LaunchScreen.storyboard */; };
		F5E14D6D1F9B7BEF0088EDC9 /* SWRevealViewController.m in Sources */ = {isa = PBXBuildFile; fileRef = F5E14D6B1F9B7B8C0088EDC9 /* SWRevealViewController.m */; };
		F5E14D701F9B7DA80088EDC9 /* ChatVC.swift in Sources */ = {isa = PBXBuildFile; fileRef = F5E14D6F1F9B7DA80088EDC9 /* ChatVC.swift */; };
		F5E14D721F9B7DC50088EDC9 /* ChannelVC.swift in Sources */ = {isa = PBXBuildFile; fileRef = F5E14D711F9B7DC50088EDC9 /* ChannelVC.swift */; };
		F5E14D751F9B82A50088EDC9 /* GrdientView.swift in Sources */ = {isa = PBXBuildFile; fileRef = F5E14D741F9B82A40088EDC9 /* GrdientView.swift */; };
		F5F311331F9F966E0043BE2E /* MessageCell.swift in Sources */ = {isa = PBXBuildFile; fileRef = F5F311321F9F966E0043BE2E /* MessageCell.swift */; };
		F5F311351F9F98D10043BE2E /* KeyboardBoundView.swift in Sources */ = {isa = PBXBuildFile; fileRef = F5F311341F9F98D10043BE2E /* KeyboardBoundView.swift */; };
		F5F6C1801F9C792300E190E2 /* RoundedButton.swift in Sources */ = {isa = PBXBuildFile; fileRef = F5F6C17F1F9C792300E190E2 /* RoundedButton.swift */; };
		F5F6C1821F9C7A3D00E190E2 /* LoginVC.swift in Sources */ = {isa = PBXBuildFile; fileRef = F5F6C1811F9C7A3D00E190E2 /* LoginVC.swift */; };
		F5F6C1851F9C7A8B00E190E2 /* Constants.swift in Sources */ = {isa = PBXBuildFile; fileRef = F5F6C1841F9C7A8B00E190E2 /* Constants.swift */; };
		F5F6C1871F9C7DFB00E190E2 /* CreateAccountVC.swift in Sources */ = {isa = PBXBuildFile; fileRef = F5F6C1861F9C7DFB00E190E2 /* CreateAccountVC.swift */; };
		F5F6C18A1F9C844A00E190E2 /* AuthService.swift in Sources */ = {isa = PBXBuildFile; fileRef = F5F6C1891F9C844A00E190E2 /* AuthService.swift */; };
/* End PBXBuildFile section */

/* Begin PBXFileReference section */
		097520279E655E0A9D0F4F22 /* Pods-Chat.release.xcconfig */ = {isa = PBXFileReference; includeInIndex = 1; lastKnownFileType = text.xcconfig; name = "Pods-Chat.release.xcconfig"; path = "Pods/Target Support Files/Pods-Chat/Pods-Chat.release.xcconfig"; sourceTree = "<group>"; };
		63D6EC3E950630773DB4C814 /* Pods_Chat.framework */ = {isa = PBXFileReference; explicitFileType = wrapper.framework; includeInIndex = 0; path = Pods_Chat.framework; sourceTree = BUILT_PRODUCTS_DIR; };
		9BF86723A07B9D855C46960D /* Pods-Chat.debug.xcconfig */ = {isa = PBXFileReference; includeInIndex = 1; lastKnownFileType = text.xcconfig; name = "Pods-Chat.debug.xcconfig"; path = "Pods/Target Support Files/Pods-Chat/Pods-Chat.debug.xcconfig"; sourceTree = "<group>"; };
		F51365DE1F9CB40C00C0B953 /* UserService.swift */ = {isa = PBXFileReference; lastKnownFileType = sourcecode.swift; path = UserService.swift; sourceTree = "<group>"; };
		F51365E01F9CC4B900C0B953 /* AvatarVC.swift */ = {isa = PBXFileReference; lastKnownFileType = sourcecode.swift; path = AvatarVC.swift; sourceTree = "<group>"; };
		F51365E21F9CC61F00C0B953 /* AvatarCell.swift */ = {isa = PBXFileReference; lastKnownFileType = sourcecode.swift; path = AvatarCell.swift; sourceTree = "<group>"; };
		F51A6D9B1F9BCC94008F75B5 /* CircleImage.swift */ = {isa = PBXFileReference; lastKnownFileType = sourcecode.swift; path = CircleImage.swift; sourceTree = "<group>"; };
		F51A6D9D1F9BD894008F75B5 /* ProfileVC.swift */ = {isa = PBXFileReference; lastKnownFileType = sourcecode.swift; path = ProfileVC.swift; sourceTree = "<group>"; };
		F51A6D9E1F9BD894008F75B5 /* ProfileVC.xib */ = {isa = PBXFileReference; lastKnownFileType = file.xib; path = ProfileVC.xib; sourceTree = "<group>"; };
		F52D8C3B1F9E7A0600698AB9 /* Messages.swift */ = {isa = PBXFileReference; lastKnownFileType = sourcecode.swift; path = Messages.swift; sourceTree = "<group>"; };
		F5BA2F1D1F9D1BBE0074C31B /* CreateChannelVC.swift */ = {isa = PBXFileReference; lastKnownFileType = sourcecode.swift; path = CreateChannelVC.swift; sourceTree = "<group>"; };
		F5BA2F1E1F9D1BBE0074C31B /* CreateChannelVC.xib */ = {isa = PBXFileReference; lastKnownFileType = file.xib; path = CreateChannelVC.xib; sourceTree = "<group>"; };
		F5C5C3681F9E0D3800F99B77 /* MessageService.swift */ = {isa = PBXFileReference; lastKnownFileType = sourcecode.swift; path = MessageService.swift; sourceTree = "<group>"; };
		F5C5C36B1F9E0EE700F99B77 /* Channel.swift */ = {isa = PBXFileReference; lastKnownFileType = sourcecode.swift; path = Channel.swift; sourceTree = "<group>"; };
		F5C5C36D1F9E14BB00F99B77 /* ChannelCell.swift */ = {isa = PBXFileReference; lastKnownFileType = sourcecode.swift; path = ChannelCell.swift; sourceTree = "<group>"; };
		F5D8DDC91F9E2F89006D3DC9 /* SocketService.swift */ = {isa = PBXFileReference; lastKnownFileType = sourcecode.swift; path = SocketService.swift; sourceTree = "<group>"; };
		F5E14D511F9B75370088EDC9 /* Chat.app */ = {isa = PBXFileReference; explicitFileType = wrapper.application; includeInIndex = 0; path = Chat.app; sourceTree = BUILT_PRODUCTS_DIR; };
		F5E14D541F9B75370088EDC9 /* AppDelegate.swift */ = {isa = PBXFileReference; lastKnownFileType = sourcecode.swift; path = AppDelegate.swift; sourceTree = "<group>"; };
		F5E14D591F9B75380088EDC9 /* Base */ = {isa = PBXFileReference; lastKnownFileType = file.storyboard; name = Base; path = Base.lproj/Main.storyboard; sourceTree = "<group>"; };
		F5E14D5C1F9B75380088EDC9 /* Chat.xcdatamodel */ = {isa = PBXFileReference; lastKnownFileType = wrapper.xcdatamodel; path = Chat.xcdatamodel; sourceTree = "<group>"; };
		F5E14D5E1F9B75380088EDC9 /* Assets.xcassets */ = {isa = PBXFileReference; lastKnownFileType = folder.assetcatalog; path = Assets.xcassets; sourceTree = "<group>"; };
		F5E14D611F9B75380088EDC9 /* Base */ = {isa = PBXFileReference; lastKnownFileType = file.storyboard; name = Base; path = Base.lproj/LaunchScreen.storyboard; sourceTree = "<group>"; };
		F5E14D631F9B75380088EDC9 /* Info.plist */ = {isa = PBXFileReference; lastKnownFileType = text.plist.xml; path = Info.plist; sourceTree = "<group>"; };
		F5E14D6A1F9B7B8B0088EDC9 /* Chat-Bridging-Header.h */ = {isa = PBXFileReference; lastKnownFileType = sourcecode.c.h; path = "Chat-Bridging-Header.h"; sourceTree = "<group>"; };
		F5E14D6B1F9B7B8C0088EDC9 /* SWRevealViewController.m */ = {isa = PBXFileReference; lastKnownFileType = sourcecode.c.objc; path = SWRevealViewController.m; sourceTree = "<group>"; };
		F5E14D6C1F9B7B8D0088EDC9 /* SWRevealViewController.h */ = {isa = PBXFileReference; lastKnownFileType = sourcecode.c.h; path = SWRevealViewController.h; sourceTree = "<group>"; };
		F5E14D6F1F9B7DA80088EDC9 /* ChatVC.swift */ = {isa = PBXFileReference; lastKnownFileType = sourcecode.swift; path = ChatVC.swift; sourceTree = "<group>"; };
		F5E14D711F9B7DC50088EDC9 /* ChannelVC.swift */ = {isa = PBXFileReference; lastKnownFileType = sourcecode.swift; path = ChannelVC.swift; sourceTree = "<group>"; };
		F5E14D741F9B82A40088EDC9 /* GrdientView.swift */ = {isa = PBXFileReference; lastKnownFileType = sourcecode.swift; path = GrdientView.swift; sourceTree = "<group>"; };
		F5F311321F9F966E0043BE2E /* MessageCell.swift */ = {isa = PBXFileReference; lastKnownFileType = sourcecode.swift; path = MessageCell.swift; sourceTree = "<group>"; };
		F5F311341F9F98D10043BE2E /* KeyboardBoundView.swift */ = {isa = PBXFileReference; lastKnownFileType = sourcecode.swift; path = KeyboardBoundView.swift; sourceTree = "<group>"; };
		F5F6C17F1F9C792300E190E2 /* RoundedButton.swift */ = {isa = PBXFileReference; lastKnownFileType = sourcecode.swift; path = RoundedButton.swift; sourceTree = "<group>"; };
		F5F6C1811F9C7A3D00E190E2 /* LoginVC.swift */ = {isa = PBXFileReference; lastKnownFileType = sourcecode.swift; path = LoginVC.swift; sourceTree = "<group>"; };
		F5F6C1841F9C7A8B00E190E2 /* Constants.swift */ = {isa = PBXFileReference; lastKnownFileType = sourcecode.swift; path = Constants.swift; sourceTree = "<group>"; };
		F5F6C1861F9C7DFB00E190E2 /* CreateAccountVC.swift */ = {isa = PBXFileReference; lastKnownFileType = sourcecode.swift; path = CreateAccountVC.swift; sourceTree = "<group>"; };
		F5F6C1891F9C844A00E190E2 /* AuthService.swift */ = {isa = PBXFileReference; lastKnownFileType = sourcecode.swift; path = AuthService.swift; sourceTree = "<group>"; };
/* End PBXFileReference section */

/* Begin PBXFrameworksBuildPhase section */
		F5E14D4E1F9B75370088EDC9 /* Frameworks */ = {
			isa = PBXFrameworksBuildPhase;
			buildActionMask = 2147483647;
			files = (
				CAD2FC93B58A11750C2E3474 /* Pods_Chat.framework in Frameworks */,
			);
			runOnlyForDeploymentPostprocessing = 0;
		};
/* End PBXFrameworksBuildPhase section */

/* Begin PBXGroup section */
		9FC3F87766575F7A721AB85B /* Pods */ = {
			isa = PBXGroup;
			children = (
				9BF86723A07B9D855C46960D /* Pods-Chat.debug.xcconfig */,
				097520279E655E0A9D0F4F22 /* Pods-Chat.release.xcconfig */,
			);
			name = Pods;
			sourceTree = "<group>";
		};
		F02F9C68A734F3AEC771A79B /* Frameworks */ = {
			isa = PBXGroup;
			children = (
				63D6EC3E950630773DB4C814 /* Pods_Chat.framework */,
			);
			name = Frameworks;
			sourceTree = "<group>";
		};
		F51A6DA11F9BD89C008F75B5 /* Xibs */ = {
			isa = PBXGroup;
			children = (
				F51A6D9E1F9BD894008F75B5 /* ProfileVC.xib */,
				F5BA2F1E1F9D1BBE0074C31B /* CreateChannelVC.xib */,
			);
			path = Xibs;
			sourceTree = "<group>";
		};
		F5C5C36A1F9E0EDA00F99B77 /* Model */ = {
			isa = PBXGroup;
			children = (
				F5C5C36B1F9E0EE700F99B77 /* Channel.swift */,
				F52D8C3B1F9E7A0600698AB9 /* Messages.swift */,
			);
			path = Model;
			sourceTree = "<group>";
		};
		F5E14D481F9B75370088EDC9 = {
			isa = PBXGroup;
			children = (
				F5E14D531F9B75370088EDC9 /* Chat */,
				F5E14D521F9B75370088EDC9 /* Products */,
				9FC3F87766575F7A721AB85B /* Pods */,
				F02F9C68A734F3AEC771A79B /* Frameworks */,
			);
			sourceTree = "<group>";
		};
		F5E14D521F9B75370088EDC9 /* Products */ = {
			isa = PBXGroup;
			children = (
				F5E14D511F9B75370088EDC9 /* Chat.app */,
			);
			name = Products;
			sourceTree = "<group>";
		};
		F5E14D531F9B75370088EDC9 /* Chat */ = {
			isa = PBXGroup;
			children = (
				F5E14D691F9B7B5F0088EDC9 /* Supporting Files */,
				F5F6C1881F9C842C00E190E2 /* Services */,
				F5F6C1831F9C7A7300E190E2 /* Util */,
				F51A6DA11F9BD89C008F75B5 /* Xibs */,
				F5C5C36A1F9E0EDA00F99B77 /* Model */,
				F5E14D731F9B825A0088EDC9 /* View */,
				F5E14D6E1F9B7D8E0088EDC9 /* Controller */,
				F5E14D541F9B75370088EDC9 /* AppDelegate.swift */,
				F5E14D581F9B75380088EDC9 /* Main.storyboard */,
				F5E14D5E1F9B75380088EDC9 /* Assets.xcassets */,
				F5E14D601F9B75380088EDC9 /* LaunchScreen.storyboard */,
				F5E14D631F9B75380088EDC9 /* Info.plist */,
				F5E14D5B1F9B75380088EDC9 /* Chat.xcdatamodeld */,
			);
			path = Chat;
			sourceTree = "<group>";
		};
		F5E14D691F9B7B5F0088EDC9 /* Supporting Files */ = {
			isa = PBXGroup;
			children = (
				F5E14D6C1F9B7B8D0088EDC9 /* SWRevealViewController.h */,
				F5E14D6B1F9B7B8C0088EDC9 /* SWRevealViewController.m */,
				F5E14D6A1F9B7B8B0088EDC9 /* Chat-Bridging-Header.h */,
			);
			path = "Supporting Files";
			sourceTree = "<group>";
		};
		F5E14D6E1F9B7D8E0088EDC9 /* Controller */ = {
			isa = PBXGroup;
			children = (
				F5E14D6F1F9B7DA80088EDC9 /* ChatVC.swift */,
				F5E14D711F9B7DC50088EDC9 /* ChannelVC.swift */,
				F51A6D9D1F9BD894008F75B5 /* ProfileVC.swift */,
				F5F6C1811F9C7A3D00E190E2 /* LoginVC.swift */,
				F5F6C1861F9C7DFB00E190E2 /* CreateAccountVC.swift */,
				F51365E01F9CC4B900C0B953 /* AvatarVC.swift */,
				F5BA2F1D1F9D1BBE0074C31B /* CreateChannelVC.swift */,
			);
			path = Controller;
			sourceTree = "<group>";
		};
		F5E14D731F9B825A0088EDC9 /* View */ = {
			isa = PBXGroup;
			children = (
				F5F311341F9F98D10043BE2E /* KeyboardBoundView.swift */,
				F5E14D741F9B82A40088EDC9 /* GrdientView.swift */,
				F51A6D9B1F9BCC94008F75B5 /* CircleImage.swift */,
				F5F6C17F1F9C792300E190E2 /* RoundedButton.swift */,
				F51365E21F9CC61F00C0B953 /* AvatarCell.swift */,
				F5C5C36D1F9E14BB00F99B77 /* ChannelCell.swift */,
				F5F311321F9F966E0043BE2E /* MessageCell.swift */,
			);
			path = View;
			sourceTree = "<group>";
		};
		F5F6C1831F9C7A7300E190E2 /* Util */ = {
			isa = PBXGroup;
			children = (
				F5F6C1841F9C7A8B00E190E2 /* Constants.swift */,
			);
			path = Util;
			sourceTree = "<group>";
		};
		F5F6C1881F9C842C00E190E2 /* Services */ = {
			isa = PBXGroup;
			children = (
				F5F6C1891F9C844A00E190E2 /* AuthService.swift */,
				F51365DE1F9CB40C00C0B953 /* UserService.swift */,
				F5C5C3681F9E0D3800F99B77 /* MessageService.swift */,
				F5D8DDC91F9E2F89006D3DC9 /* SocketService.swift */,
			);
			path = Services;
			sourceTree = "<group>";
		};
/* End PBXGroup section */

/* Begin PBXNativeTarget section */
		F5E14D501F9B75370088EDC9 /* Chat */ = {
			isa = PBXNativeTarget;
			buildConfigurationList = F5E14D661F9B75380088EDC9 /* Build configuration list for PBXNativeTarget "Chat" */;
			buildPhases = (
				A5880A452CE0A8E49DD331C6 /* [CP] Check Pods Manifest.lock */,
				F5E14D4D1F9B75370088EDC9 /* Sources */,
				F5E14D4E1F9B75370088EDC9 /* Frameworks */,
				F5E14D4F1F9B75370088EDC9 /* Resources */,
				609B530DE8C5AE35A86AB220 /* [CP] Embed Pods Frameworks */,
				2D897E5EFFA81E7294884BD8 /* [CP] Copy Pods Resources */,
			);
			buildRules = (
			);
			dependencies = (
			);
			name = Chat;
			productName = Chat;
			productReference = F5E14D511F9B75370088EDC9 /* Chat.app */;
			productType = "com.apple.product-type.application";
		};
/* End PBXNativeTarget section */

/* Begin PBXProject section */
		F5E14D491F9B75370088EDC9 /* Project object */ = {
			isa = PBXProject;
			attributes = {
				LastSwiftUpdateCheck = 0900;
				LastUpgradeCheck = 0900;
				ORGANIZATIONNAME = NeonatCore;
				TargetAttributes = {
					F5E14D501F9B75370088EDC9 = {
						CreatedOnToolsVersion = 9.0;
						LastSwiftMigration = 0900;
						ProvisioningStyle = Automatic;
					};
				};
			};
			buildConfigurationList = F5E14D4C1F9B75370088EDC9 /* Build configuration list for PBXProject "Chat" */;
			compatibilityVersion = "Xcode 8.0";
			developmentRegion = en;
			hasScannedForEncodings = 0;
			knownRegions = (
				en,
				Base,
			);
			mainGroup = F5E14D481F9B75370088EDC9;
			productRefGroup = F5E14D521F9B75370088EDC9 /* Products */;
			projectDirPath = "";
			projectRoot = "";
			targets = (
				F5E14D501F9B75370088EDC9 /* Chat */,
			);
		};
/* End PBXProject section */

/* Begin PBXResourcesBuildPhase section */
		F5E14D4F1F9B75370088EDC9 /* Resources */ = {
			isa = PBXResourcesBuildPhase;
			buildActionMask = 2147483647;
			files = (
				F51A6DA01F9BD894008F75B5 /* ProfileVC.xib in Resources */,
				F5E14D621F9B75380088EDC9 /* LaunchScreen.storyboard in Resources */,
				F5BA2F201F9D1BBE0074C31B /* CreateChannelVC.xib in Resources */,
				F5E14D5F1F9B75380088EDC9 /* Assets.xcassets in Resources */,
				F5E14D5A1F9B75380088EDC9 /* Main.storyboard in Resources */,
			);
			runOnlyForDeploymentPostprocessing = 0;
		};
/* End PBXResourcesBuildPhase section */

/* Begin PBXShellScriptBuildPhase section */
		2D897E5EFFA81E7294884BD8 /* [CP] Copy Pods Resources */ = {
			isa = PBXShellScriptBuildPhase;
			buildActionMask = 2147483647;
			files = (
			);
			inputPaths = (
			);
			name = "[CP] Copy Pods Resources";
			outputPaths = (
			);
			runOnlyForDeploymentPostprocessing = 0;
			shellPath = /bin/sh;
			shellScript = "\"${SRCROOT}/Pods/Target Support Files/Pods-Chat/Pods-Chat-resources.sh\"\n";
			showEnvVarsInLog = 0;
		};
		609B530DE8C5AE35A86AB220 /* [CP] Embed Pods Frameworks */ = {
			isa = PBXShellScriptBuildPhase;
			buildActionMask = 2147483647;
			files = (
			);
			inputPaths = (
			);
			name = "[CP] Embed Pods Frameworks";
			outputPaths = (
			);
			runOnlyForDeploymentPostprocessing = 0;
			shellPath = /bin/sh;
			shellScript = "\"${SRCROOT}/Pods/Target Support Files/Pods-Chat/Pods-Chat-frameworks.sh\"\n";
			showEnvVarsInLog = 0;
		};
		A5880A452CE0A8E49DD331C6 /* [CP] Check Pods Manifest.lock */ = {
			isa = PBXShellScriptBuildPhase;
			buildActionMask = 2147483647;
			files = (
			);
			inputPaths = (
			);
			name = "[CP] Check Pods Manifest.lock";
			outputPaths = (
			);
			runOnlyForDeploymentPostprocessing = 0;
			shellPath = /bin/sh;
			shellScript = "diff \"${PODS_ROOT}/../Podfile.lock\" \"${PODS_ROOT}/Manifest.lock\" > /dev/null\nif [ $? != 0 ] ; then\n    # print error to STDERR\n    echo \"error: The sandbox is not in sync with the Podfile.lock. Run 'pod install' or update your CocoaPods installation.\" >&2\n    exit 1\nfi\n";
			showEnvVarsInLog = 0;
		};
/* End PBXShellScriptBuildPhase section */

/* Begin PBXSourcesBuildPhase section */
		F5E14D4D1F9B75370088EDC9 /* Sources */ = {
			isa = PBXSourcesBuildPhase;
			buildActionMask = 2147483647;
			files = (
				F51365DF1F9CB40C00C0B953 /* UserService.swift in Sources */,
				F5E14D751F9B82A50088EDC9 /* GrdientView.swift in Sources */,
				F5C5C36C1F9E0EE700F99B77 /* Channel.swift in Sources */,
				F5F6C1851F9C7A8B00E190E2 /* Constants.swift in Sources */,
				F5F6C1871F9C7DFB00E190E2 /* CreateAccountVC.swift in Sources */,
				F5E14D701F9B7DA80088EDC9 /* ChatVC.swift in Sources */,
				F5F311331F9F966E0043BE2E /* MessageCell.swift in Sources */,
				F5E14D5D1F9B75380088EDC9 /* Chat.xcdatamodeld in Sources */,
				F51A6D9C1F9BCC94008F75B5 /* CircleImage.swift in Sources */,
				F5F6C18A1F9C844A00E190E2 /* AuthService.swift in Sources */,
				F5C5C36E1F9E14BB00F99B77 /* ChannelCell.swift in Sources */,
				F5F6C1821F9C7A3D00E190E2 /* LoginVC.swift in Sources */,
				F5F6C1801F9C792300E190E2 /* RoundedButton.swift in Sources */,
				F5BA2F1F1F9D1BBE0074C31B /* CreateChannelVC.swift in Sources */,
				F5F311351F9F98D10043BE2E /* KeyboardBoundView.swift in Sources */,
				F51365E31F9CC61F00C0B953 /* AvatarCell.swift in Sources */,
				F5D8DDCA1F9E2F89006D3DC9 /* SocketService.swift in Sources */,
				F51A6D9F1F9BD894008F75B5 /* ProfileVC.swift in Sources */,
				F5C5C3691F9E0D3800F99B77 /* MessageService.swift in Sources */,
				F52D8C3C1F9E7A0600698AB9 /* Messages.swift in Sources */,
				F5E14D551F9B75370088EDC9 /* AppDelegate.swift in Sources */,
				F5E14D6D1F9B7BEF0088EDC9 /* SWRevealViewController.m in Sources */,
				F51365E11F9CC4B900C0B953 /* AvatarVC.swift in Sources */,
				F5E14D721F9B7DC50088EDC9 /* ChannelVC.swift in Sources */,
			);
			runOnlyForDeploymentPostprocessing = 0;
		};
/* End PBXSourcesBuildPhase section */

/* Begin PBXVariantGroup section */
		F5E14D581F9B75380088EDC9 /* Main.storyboard */ = {
			isa = PBXVariantGroup;
			children = (
				F5E14D591F9B75380088EDC9 /* Base */,
			);
			name = Main.storyboard;
			sourceTree = "<group>";
		};
		F5E14D601F9B75380088EDC9 /* LaunchScreen.storyboard */ = {
			isa = PBXVariantGroup;
			children = (
				F5E14D611F9B75380088EDC9 /* Base */,
			);
			name = LaunchScreen.storyboard;
			sourceTree = "<group>";
		};
/* End PBXVariantGroup section */

/* Begin XCBuildConfiguration section */
		F5E14D641F9B75380088EDC9 /* Debug */ = {
			isa = XCBuildConfiguration;
			buildSettings = {
				ALWAYS_SEARCH_USER_PATHS = NO;
				CLANG_ANALYZER_NONNULL = YES;
				CLANG_ANALYZER_NUMBER_OBJECT_CONVERSION = YES_AGGRESSIVE;
				CLANG_CXX_LANGUAGE_STANDARD = "gnu++14";
				CLANG_CXX_LIBRARY = "libc++";
				CLANG_ENABLE_MODULES = YES;
				CLANG_ENABLE_OBJC_ARC = YES;
				CLANG_WARN_BLOCK_CAPTURE_AUTORELEASING = YES;
				CLANG_WARN_BOOL_CONVERSION = YES;
				CLANG_WARN_COMMA = YES;
				CLANG_WARN_CONSTANT_CONVERSION = YES;
				CLANG_WARN_DIRECT_OBJC_ISA_USAGE = YES_ERROR;
				CLANG_WARN_DOCUMENTATION_COMMENTS = YES;
				CLANG_WARN_EMPTY_BODY = YES;
				CLANG_WARN_ENUM_CONVERSION = YES;
				CLANG_WARN_INFINITE_RECURSION = YES;
				CLANG_WARN_INT_CONVERSION = YES;
				CLANG_WARN_NON_LITERAL_NULL_CONVERSION = YES;
				CLANG_WARN_OBJC_LITERAL_CONVERSION = YES;
				CLANG_WARN_OBJC_ROOT_CLASS = YES_ERROR;
				CLANG_WARN_RANGE_LOOP_ANALYSIS = YES;
				CLANG_WARN_STRICT_PROTOTYPES = YES;
				CLANG_WARN_SUSPICIOUS_MOVE = YES;
				CLANG_WARN_UNGUARDED_AVAILABILITY = YES_AGGRESSIVE;
				CLANG_WARN_UNREACHABLE_CODE = YES;
				CLANG_WARN__DUPLICATE_METHOD_MATCH = YES;
				CODE_SIGN_IDENTITY = "iPhone Developer";
				COPY_PHASE_STRIP = NO;
				DEBUG_INFORMATION_FORMAT = dwarf;
				ENABLE_STRICT_OBJC_MSGSEND = YES;
				ENABLE_TESTABILITY = YES;
				GCC_C_LANGUAGE_STANDARD = gnu11;
				GCC_DYNAMIC_NO_PIC = NO;
				GCC_NO_COMMON_BLOCKS = YES;
				GCC_OPTIMIZATION_LEVEL = 0;
				GCC_PREPROCESSOR_DEFINITIONS = (
					"DEBUG=1",
					"$(inherited)",
				);
				GCC_WARN_64_TO_32_BIT_CONVERSION = YES;
				GCC_WARN_ABOUT_RETURN_TYPE = YES_ERROR;
				GCC_WARN_UNDECLARED_SELECTOR = YES;
				GCC_WARN_UNINITIALIZED_AUTOS = YES_AGGRESSIVE;
				GCC_WARN_UNUSED_FUNCTION = YES;
				GCC_WARN_UNUSED_VARIABLE = YES;
				IPHONEOS_DEPLOYMENT_TARGET = 11.0;
				MTL_ENABLE_DEBUG_INFO = YES;
				ONLY_ACTIVE_ARCH = YES;
				SDKROOT = iphoneos;
				SWIFT_ACTIVE_COMPILATION_CONDITIONS = DEBUG;
				SWIFT_OPTIMIZATION_LEVEL = "-Onone";
			};
			name = Debug;
		};
		F5E14D651F9B75380088EDC9 /* Release */ = {
			isa = XCBuildConfiguration;
			buildSettings = {
				ALWAYS_SEARCH_USER_PATHS = NO;
				CLANG_ANALYZER_NONNULL = YES;
				CLANG_ANALYZER_NUMBER_OBJECT_CONVERSION = YES_AGGRESSIVE;
				CLANG_CXX_LANGUAGE_STANDARD = "gnu++14";
				CLANG_CXX_LIBRARY = "libc++";
				CLANG_ENABLE_MODULES = YES;
				CLANG_ENABLE_OBJC_ARC = YES;
				CLANG_WARN_BLOCK_CAPTURE_AUTORELEASING = YES;
				CLANG_WARN_BOOL_CONVERSION = YES;
				CLANG_WARN_COMMA = YES;
				CLANG_WARN_CONSTANT_CONVERSION = YES;
				CLANG_WARN_DIRECT_OBJC_ISA_USAGE = YES_ERROR;
				CLANG_WARN_DOCUMENTATION_COMMENTS = YES;
				CLANG_WARN_EMPTY_BODY = YES;
				CLANG_WARN_ENUM_CONVERSION = YES;
				CLANG_WARN_INFINITE_RECURSION = YES;
				CLANG_WARN_INT_CONVERSION = YES;
				CLANG_WARN_NON_LITERAL_NULL_CONVERSION = YES;
				CLANG_WARN_OBJC_LITERAL_CONVERSION = YES;
				CLANG_WARN_OBJC_ROOT_CLASS = YES_ERROR;
				CLANG_WARN_RANGE_LOOP_ANALYSIS = YES;
				CLANG_WARN_STRICT_PROTOTYPES = YES;
				CLANG_WARN_SUSPICIOUS_MOVE = YES;
				CLANG_WARN_UNGUARDED_AVAILABILITY = YES_AGGRESSIVE;
				CLANG_WARN_UNREACHABLE_CODE = YES;
				CLANG_WARN__DUPLICATE_METHOD_MATCH = YES;
				CODE_SIGN_IDENTITY = "iPhone Developer";
				COPY_PHASE_STRIP = NO;
				DEBUG_INFORMATION_FORMAT = "dwarf-with-dsym";
				ENABLE_NS_ASSERTIONS = NO;
				ENABLE_STRICT_OBJC_MSGSEND = YES;
				GCC_C_LANGUAGE_STANDARD = gnu11;
				GCC_NO_COMMON_BLOCKS = YES;
				GCC_WARN_64_TO_32_BIT_CONVERSION = YES;
				GCC_WARN_ABOUT_RETURN_TYPE = YES_ERROR;
				GCC_WARN_UNDECLARED_SELECTOR = YES;
				GCC_WARN_UNINITIALIZED_AUTOS = YES_AGGRESSIVE;
				GCC_WARN_UNUSED_FUNCTION = YES;
				GCC_WARN_UNUSED_VARIABLE = YES;
				IPHONEOS_DEPLOYMENT_TARGET = 11.0;
				MTL_ENABLE_DEBUG_INFO = NO;
				SDKROOT = iphoneos;
				SWIFT_OPTIMIZATION_LEVEL = "-Owholemodule";
				VALIDATE_PRODUCT = YES;
			};
			name = Release;
		};
		F5E14D671F9B75380088EDC9 /* Debug */ = {
			isa = XCBuildConfiguration;
			baseConfigurationReference = 9BF86723A07B9D855C46960D /* Pods-Chat.debug.xcconfig */;
			buildSettings = {
				ASSETCATALOG_COMPILER_APPICON_NAME = AppIcon;
				CLANG_ENABLE_MODULES = YES;
				CODE_SIGN_STYLE = Automatic;
				DEVELOPMENT_TEAM = Y2M3TGJYMN;
				INFOPLIST_FILE = Chat/Info.plist;
				LD_RUNPATH_SEARCH_PATHS = "$(inherited) @executable_path/Frameworks";
				PRODUCT_BUNDLE_IDENTIFIER = com.neonatcore.Chat;
				PRODUCT_NAME = "$(TARGET_NAME)";
				SWIFT_OBJC_BRIDGING_HEADER = "Chat/Supporting Files/Chat-Bridging-Header.h";
				SWIFT_OPTIMIZATION_LEVEL = "-Onone";
				SWIFT_VERSION = 4.0;
				TARGETED_DEVICE_FAMILY = "1,2";
			};
			name = Debug;
		};
		F5E14D681F9B75380088EDC9 /* Release */ = {
			isa = XCBuildConfiguration;
			baseConfigurationReference = 097520279E655E0A9D0F4F22 /* Pods-Chat.release.xcconfig */;
			buildSettings = {
				ASSETCATALOG_COMPILER_APPICON_NAME = AppIcon;
				CLANG_ENABLE_MODULES = YES;
				CODE_SIGN_STYLE = Automatic;
				DEVELOPMENT_TEAM = Y2M3TGJYMN;
				INFOPLIST_FILE = Chat/Info.plist;
				LD_RUNPATH_SEARCH_PATHS = "$(inherited) @executable_path/Frameworks";
				PRODUCT_BUNDLE_IDENTIFIER = com.neonatcore.Chat;
				PRODUCT_NAME = "$(TARGET_NAME)";
				SWIFT_OBJC_BRIDGING_HEADER = "Chat/Supporting Files/Chat-Bridging-Header.h";
				SWIFT_VERSION = 4.0;
				TARGETED_DEVICE_FAMILY = "1,2";
			};
			name = Release;
		};
/* End XCBuildConfiguration section */

/* Begin XCConfigurationList section */
		F5E14D4C1F9B75370088EDC9 /* Build configuration list for PBXProject "Chat" */ = {
			isa = XCConfigurationList;
			buildConfigurations = (
				F5E14D641F9B75380088EDC9 /* Debug */,
				F5E14D651F9B75380088EDC9 /* Release */,
			);
			defaultConfigurationIsVisible = 0;
			defaultConfigurationName = Release;
		};
		F5E14D661F9B75380088EDC9 /* Build configuration list for PBXNativeTarget "Chat" */ = {
			isa = XCConfigurationList;
			buildConfigurations = (
				F5E14D671F9B75380088EDC9 /* Debug */,
				F5E14D681F9B75380088EDC9 /* Release */,
			);
			defaultConfigurationIsVisible = 0;
			defaultConfigurationName = Release;
		};
/* End XCConfigurationList section */

/* Begin XCVersionGroup section */
		F5E14D5B1F9B75380088EDC9 /* Chat.xcdatamodeld */ = {
			isa = XCVersionGroup;
			children = (
				F5E14D5C1F9B75380088EDC9 /* Chat.xcdatamodel */,
			);
			currentVersion = F5E14D5C1F9B75380088EDC9 /* Chat.xcdatamodel */;
			path = Chat.xcdatamodeld;
			sourceTree = "<group>";
			versionGroupType = wrapper.xcdatamodel;
		};
/* End XCVersionGroup section */
	};
	rootObject = F5E14D491F9B75370088EDC9 /* Project object */;
}
